github.com/RuiHirano/rvo2-go v1.0.0 h1:B95eT7eUhjzlfH6K5fmqiFVeQlF6zH3ulkw9dpywWSs=
github.com/RuiHirano/rvo2-go v1.0.0/go.mod h1:07PXGHH9s/V38LUrCjG6oRczaM4Rh6k0WghrIYrTpaY=
github.com/RuiHirano/rvo2-go v1.1.0 h1:QwG8E3k+xn6Ddfrj1E2AnAxcWiMgfFlMdbuDdt4FPUw=
github.com/RuiHirano/rvo2-go v1.1.0/go.mod h1:07PXGHH9s/V38LUrCjG6oRczaM4Rh6k0WghrIYrTpaY=
github.com/RuiHirano/rvo2-go/monitor v0.0.0-20200115064247-262dcb97d11d h1:crT5KPKRvNjCaANXiO1eQsOZRxtTRAc/Sa7Yaslr/88=
github.com/RuiHirano/rvo2-go/monitor v0.0.0-20200115064247-262dcb97d11d/go.mod h1:xjE+8oQ9HA9TkNWfXFp5LSQsiPi4toAhkeGDhEJ+VUI=
github.com/RuiHirano/rvo2-go/src/rvosimulator v0.0.0-20200115064247-262dcb97d11d h1:v9qwxzluRm1Y5WGaGAu3DON6ApLfJwDrtBm8f3LhiIY=
github.com/RuiHirano/rvo2-go/src/rvosimulator v0.0.0-20200115064247-262dcb97d11d/go.mod h1:oSIi76ECBem7vIbZBQcWwgG6SWImrIgy3B3BgLHmP1I=
github.com/davecgh/go-spew v1.1.0/go.mod h1:J7Y8YcW2NihsgmVo/mv3lAwl/skON4iLHjSsI+c5H38=
github.com/davecgh/go-spew v1.1.1/go.mod h1:J7Y8YcW2NihsgmVo/mv3lAwl/skON4iLHjSsI+c5H38=
github.com/gorilla/websocket v1.4.0 h1:WDFjx/TMzVgy9VdMMQi2K2Emtwi2QcUQsztZ/zLaH/Q=
github.com/gorilla/websocket v1.4.0/go.mod h1:E7qHFY5m1UJ88s3WnNqhKjPHQ0heANvMoAMk2YaljkQ=
github.com/konsorten/go-windows-terminal-sequences v1.0.1/go.mod h1:T0+1ngSBFLxvqU3pZ+m/2kptfBszLMUkC4ZK/EgS/cQ=
github.com/konsorten/go-windows-terminal-sequences v1.0.2/go.mod h1:T0+1ngSBFLxvqU3pZ+m/2kptfBszLMUkC4ZK/EgS/cQ=
github.com/mtfelian/golang-socketio v1.5.2 h1:XGR4ZdBvkdfHceTKE/PrDH3DEpPCpyjD/kSFwYxll5k=
github.com/mtfelian/golang-socketio v1.5.2/go.mod h1:ZRviig62J0W0M5/Qv0QpW4p2BkDhzhbeK+hi9Z6se6w=
github.com/mtfelian/synced v1.0.0 h1:/D7ISn9Cq1EzZ/z316ySS9d0v1NaBSijVZBQeK261v8=
github.com/mtfelian/synced v1.0.0/go.mod h1:9LrjNfrzokPgxRAEluvyoztApADeGGEwULm94BJxGkE=
github.com/pmezard/go-difflib v1.0.0/go.mod h1:iKH77koFhYxTK1pcRnkKkqfTogsbg7gZNVY4sRDYZ/4=
github.com/sirupsen/logrus v1.4.2 h1:SPIRibHv4MatM3XXNO2BJeFLZwZ2LvZgfQ5+UNI2im4=
github.com/sirupsen/logrus v1.4.2/go.mod h1:tLMulIdttU9McNUspp0xgXVQah82FyeX6MwdIuYE2rE=
github.com/stretchr/objx v0.1.0/go.mod h1:HFkY916IF+rwdDfMAkV7OtwuqBVzrE8GR6GFx+wExME=
github.com/stretchr/objx v0.1.1/go.mod h1:HFkY916IF+rwdDfMAkV7OtwuqBVzrE8GR6GFx+wExME=
github.com/stretchr/testify v1.2.2/go.mod h1:a8OnRcib4nhh0OaRAV+Yts87kKdq0PP7pXfy6kDkUVs=
github.com/stretchr/testify v1.3.0/go.mod h1:M5WIy9Dh21IEIfnGCwXGc5bZfKNJtfHm1UVUgZn+9EI=
golang.org/x/sys v0.0.0-20190422165155-953cdadca894/go.mod h1:h1NjWce9XRLGQEsW7wpKNCjG9DtNlClVuFLEZdDNbEs=
golang.org/x/sys v0.0.0-20190804053845-51ab0e2deafa h1:KIDDMLT1O0Nr7TSxp8xM5tJcdn8tgyAONntO829og1M=
golang.org/x/sys v0.0.0-20190804053845-51ab0e2deafa/go.mod h1:h1NjWce9XRLGQEsW7wpKNCjG9DtNlClVuFLEZdDNbEs=
